
Microsoft Visual Studio Solution File, Format Version 11.00
# Visual Studio 2010
Project("{FAE04EC0-301F-11D3-BF4B-00C04F79EFBC}") = "Assembly-CSharp", "Assembly-CSharp.csproj", "{b05073ef-43a6-040e-b493-10befe5f71ca}"
EndProject
Project("{FAE04EC0-301F-11D3-BF4B-00C04F79EFBC}") = "Assembly-CSharp-Editor", "Assembly-CSharp-Editor.csproj", "{e522d5f5-dfe3-fd18-1416-808d11a8bcc3}"
EndProject
Global
	GlobalSection(SolutionConfigurationPlatforms) = preSolution
		Debug|Any CPU = Debug|Any CPU
	EndGlobalSection
	GlobalSection(ProjectConfigurationPlatforms) = postSolution
		{b05073ef-43a6-040e-b493-10befe5f71ca}.Debug|Any CPU.ActiveCfg = Debug|Any CPU
		{b05073ef-43a6-040e-b493-10befe5f71ca}.Debug|Any CPU.Build.0 = Debug|Any CPU
		{e522d5f5-dfe3-fd18-1416-808d11a8bcc3}.Debug|Any CPU.ActiveCfg = Debug|Any CPU
		{e522d5f5-dfe3-fd18-1416-808d11a8bcc3}.Debug|Any CPU.Build.0 = Debug|Any CPU
	EndGlobalSection
	GlobalSection(SolutionProperties) = preSolution
		HideSolutionNode = FALSE
	EndGlobalSection
EndGlobal
