
Microsoft Visual Studio Solution File, Format Version 12.00
# Visual Studio 15
Project("{FAE04EC0-301F-11D3-BF4B-00C04F79EFBC}") = "Assembly-CSharp", "Assembly-CSharp.csproj", "{EF7350B0-A643-0E04-B493-10BEFE5F71CA}"
EndProject
Project("{FAE04EC0-301F-11D3-BF4B-00C04F79EFBC}") = "Assembly-CSharp-Editor", "Assembly-CSharp-Editor.csproj", "{F5D522E5-E3DF-18FD-1416-808D11A8BCC3}"
EndProject
Global
	GlobalSection(SolutionConfigurationPlatforms) = preSolution
		Debug|Any CPU = Debug|Any CPU
		Release|Any CPU = Release|Any CPU
	EndGlobalSection
	GlobalSection(ProjectConfigurationPlatforms) = postSolution
		{EF7350B0-A643-0E04-B493-10BEFE5F71CA}.Debug|Any CPU.ActiveCfg = Debug|Any CPU
		{EF7350B0-A643-0E04-B493-10BEFE5F71CA}.Debug|Any CPU.Build.0 = Debug|Any CPU
		{EF7350B0-A643-0E04-B493-10BEFE5F71CA}.Release|Any CPU.ActiveCfg = Release|Any CPU
		{EF7350B0-A643-0E04-B493-10BEFE5F71CA}.Release|Any CPU.Build.0 = Release|Any CPU
		{F5D522E5-E3DF-18FD-1416-808D11A8BCC3}.Debug|Any CPU.ActiveCfg = Debug|Any CPU
		{F5D522E5-E3DF-18FD-1416-808D11A8BCC3}.Debug|Any CPU.Build.0 = Debug|Any CPU
		{F5D522E5-E3DF-18FD-1416-808D11A8BCC3}.Release|Any CPU.ActiveCfg = Release|Any CPU
		{F5D522E5-E3DF-18FD-1416-808D11A8BCC3}.Release|Any CPU.Build.0 = Release|Any CPU
	EndGlobalSection
	GlobalSection(SolutionProperties) = preSolution
		HideSolutionNode = FALSE
	EndGlobalSection
EndGlobal
